
Microsoft Visual Studio Solution File, Format Version 12.00
# Visual Studio Version 16
VisualStudioVersion = 16.0.30804.86
MinimumVisualStudioVersion = 10.0.40219.1
Project("{FAE04EC0-301F-11D3-BF4B-00C04F79EFBC}") = "Travel", "Travel.csproj", "{6E62388A-31E7-49EF-AAF0-D7E07FEBBAB0}"
EndProject
Global
	GlobalSection(SolutionConfigurationPlatforms) = preSolution
		Debug|Any CPU = Debug|Any CPU
		Release|Any CPU = Release|Any CPU
	EndGlobalSection
	GlobalSection(ProjectConfigurationPlatforms) = postSolution
		{6E62388A-31E7-49EF-AAF0-D7E07FEBBAB0}.Debug|Any CPU.ActiveCfg = Debug|Any CPU
		{6E62388A-31E7-49EF-AAF0-D7E07FEBBAB0}.Debug|Any CPU.Build.0 = Debug|Any CPU
		{6E62388A-31E7-49EF-AAF0-D7E07FEBBAB0}.Release|Any CPU.ActiveCfg = Release|Any CPU
		{6E62388A-31E7-49EF-AAF0-D7E07FEBBAB0}.Release|Any CPU.Build.0 = Release|Any CPU
	EndGlobalSection
	GlobalSection(SolutionProperties) = preSolution
		HideSolutionNode = FALSE
	EndGlobalSection
	GlobalSection(ExtensibilityGlobals) = postSolution
		SolutionGuid = {88D033D5-9DDA-43D6-B8DF-7D6505BEE9D6}
	EndGlobalSection
EndGlobal
